# THIS IS AN AUTOGENERATED FILE. DO NOT EDIT THIS FILE DIRECTLY.
# yarn lockfile v1


"@hotwired/turbo@^7.0.0-rc.4":
  version "7.0.0-rc.4"
  resolved "https://registry.npmjs.org/@hotwired/turbo/-/turbo-7.0.0-rc.4.tgz"
  integrity sha512-4qx+6O6mUN+cSN+ZLGCOGc+2MxNrs7cFbmnWD6LIfiHAQyuNiIuB87Y5IAtOo8xj16fOBd2CdU1WRJya4Wkw0A==

"@stimulus/core@^2.0.0":
  version "2.0.0"
  resolved "https://registry.npmjs.org/@stimulus/core/-/core-2.0.0.tgz"
  integrity sha512-ff70GafKtzc8zQ1/cG+UvL06GcifPWovf2wBEdjLMh9xO2GOYURO3y2RYgzIGYUIBefQwyfX2CLfJdZFJrEPTw==
  dependencies:
    "@stimulus/mutation-observers" "^2.0.0"

"@stimulus/multimap@^2.0.0":
  version "2.0.0"
  resolved "https://registry.npmjs.org/@stimulus/multimap/-/multimap-2.0.0.tgz"
  integrity sha512-pMBCewkZCFVB3e5mEMoyO9+9aKzHDITmf3OnPun51YWxlcPdHcwbjqm1ylK63fsoduIE+RowBpFwFqd3poEz4w==

"@stimulus/mutation-observers@^2.0.0":
  version "2.0.0"
  resolved "https://registry.npmjs.org/@stimulus/mutation-observers/-/mutation-observers-2.0.0.tgz"
  integrity sha512-kx4VAJdPhIGBQKGIoUDC2tupEKorG3A+ckc2b1UiwInKTMAC1axOHU8ebcwhaJIxRqIrs8//4SJo9YAAOx6FEg==
  dependencies:
    "@stimulus/multimap" "^2.0.0"

"@stimulus/webpack-helpers@^2.0.0":
  version "2.0.0"
  resolved "https://registry.npmjs.org/@stimulus/webpack-helpers/-/webpack-helpers-2.0.0.tgz"
  integrity sha512-D6tJWsAC024MwGEIKlUVYU8Ln87mlrmiwHvYAjipg+s8H4eLxUMQ3PZkWyPevfipH+oR3leuHsjYsK1gN5ViQA==

dom7@^4.0.4:
  version "4.0.4"
  resolved "https://registry.npmjs.org/dom7/-/dom7-4.0.4.tgz"
  integrity sha512-DSSgBzQ4rJWQp1u6o+3FVwMNnT5bzQbMb+o31TjYYeRi05uAcpF8koxdfzeoe5ElzPmua7W7N28YJhF7iEKqIw==
  dependencies:
    ssr-window "^4.0.0"

form-request-submit-polyfill@^2.0.0:
  version "2.0.0"
  resolved "https://registry.npmjs.org/form-request-submit-polyfill/-/form-request-submit-polyfill-2.0.0.tgz"
  integrity sha512-p0+M92y2gFnP0AuuL8VJ0GYVzAT0bYp3GsSkmPFhvUopdnfDLP/9xplQTBBc4w8qOjKRzdK7GaFcdL9IhlXdTQ==

foundation-sites@^6.7.4:
  version "6.7.4"
  resolved "https://registry.npmjs.org/foundation-sites/-/foundation-sites-6.7.4.tgz"
  integrity sha512-2QPaZJ0Od0DyklhQyKC3zPbr8AAUXSkr1scZJrQTgj/KTLresuCgUBfi7ft32NlOWhuqVXisjOgTE8N5EPS3cg==

gsap@^3.7.0:
  version "3.7.0"
  resolved "https://registry.npmjs.org/gsap/-/gsap-3.7.0.tgz"
  integrity sha512-8JI7pcFj0pgMzwqChARiHf7EIIZp1QrQBP74M2p2NpQLiAeIhQsrJWIRiwmA2JWkkNe0I2BiQF5ZhJvpyJVJDA==

hotkeys-js@^3.8.7, hotkeys-js@>=3:
  version "3.8.7"
  resolved "https://registry.npmjs.org/hotkeys-js/-/hotkeys-js-3.8.7.tgz"
  integrity sha512-ckAx3EkUr5XjDwjEHDorHxRO2Kb7z6Z2Sxul4MbBkN8Nho7XDslQsgMJT+CiJ5Z4TgRxxvKHEpuLE3imzqy4Lg==

jquery@^3.6.0, jquery@>=2.2.0, jquery@>=3.6.0:
  version "3.6.0"
  resolved "https://registry.npmjs.org/jquery/-/jquery-3.6.0.tgz"
  integrity sha512-JVzAR/AjBvVt2BmYhxRCSYysDsPcssdmTFnzyLEts9qNwmjmu4JTAMYubEfwVOSwpQ1I1sKKFcxhZCI2buerfw==

js-cookie@^3.0.1:
  version "3.0.1"
  resolved "https://registry.npmjs.org/js-cookie/-/js-cookie-3.0.1.tgz"
  integrity sha512-+0rgsUXZu4ncpPxRL+lNEptWMOWl9etvPHc/koSRp6MPwpRYAhmk0dUG00J4bxVV3r9uUzfo24wW0knS07SKSw==

motion-ui@~2.0.0, motion-ui@latest:
  version "2.0.3"
  resolved "https://registry.npmjs.org/motion-ui/-/motion-ui-2.0.3.tgz"
  integrity sha512-f9xzh/hbZTUYjk4M7y1aDcsiPTfqUbuvCv/+If05TSIBEJMu3hGBU+YSe9csQPP7WBBHXxjossEygM/TJo2enw==

nouislider@^15.2.0:
  version "15.2.0"
  resolved "https://registry.npmjs.org/nouislider/-/nouislider-15.2.0.tgz"
  integrity sha512-LoZwN+wwU+z/0/UtjQY8VUcVElFJX6GfHkgJ5z1NIt/+KpOsjxEW4EAtBkBWvHNxf9HBzR62K6ft9NpNBkA5/w==

select2@^4.1.0-rc.0:
  version "4.1.0-rc.0"
  resolved "https://registry.npmjs.org/select2/-/select2-4.1.0-rc.0.tgz"
  integrity sha512-Hr9TdhyHCZUtwznEH2CBf7967mEM0idtJ5nMtjvk3Up5tPukOLXbHUNmh10oRfeNIhj+3GD3niu+g6sVK+gK0A==

ssr-window@^4.0.0, ssr-window@^4.0.2:
  version "4.0.2"
  resolved "https://registry.npmjs.org/ssr-window/-/ssr-window-4.0.2.tgz"
  integrity sha512-ISv/Ch+ig7SOtw7G2+qkwfVASzazUnvlDTwypdLoPoySv+6MqlOV10VwPSE6EWkGjhW50lUmghPmpYZXMu/+AQ==

stimulus-use@^0.25.3:
  version "0.25.3"
  resolved "https://registry.npmjs.org/stimulus-use/-/stimulus-use-0.25.3.tgz"
  integrity sha512-VlgaUBqwWzlAEmHo1owRf8YcL/70Pdj2fVt1s4N/FJbzqUW/lm+OzkrRUGc5ZYY4vNa6+qitOLNskvHp8bR89g==

stimulus@^2.0.0, "stimulus@>=1.1.1 <3":
  version "2.0.0"
  resolved "https://registry.npmjs.org/stimulus/-/stimulus-2.0.0.tgz"
  integrity sha512-xipy7BS5TVpg4fX6S8LhrYZp7cmHGjmk09WSAiVx1gF5S5g43IWsuetfUhIk8HfHUG+4MQ9nY0FQz4dRFLs/8w==
  dependencies:
    "@stimulus/core" "^2.0.0"
    "@stimulus/webpack-helpers" "^2.0.0"

swiper@^8.1.5:
  version "8.1.5"
  resolved "https://registry.npmjs.org/swiper/-/swiper-8.1.5.tgz"
  integrity sha512-wJv4Ro5R4FunzN4WADpag/i3p0BkDOATwCDbBKnGooENgHKFWxqDAe25kK6PLI6+pwM0hJQrpsRKGJXXkIeIHg==
  dependencies:
    dom7 "^4.0.4"
    ssr-window "^4.0.2"

what-input@^5.2.10, what-input@>=5.2.10:
  version "5.2.10"
  resolved "https://registry.npmjs.org/what-input/-/what-input-5.2.10.tgz"
  integrity sha512-7AQoIMGq7uU8esmKniOtZG3A+pzlwgeyFpkS3f/yzRbxknSL68tvn5gjE6bZ4OMFxCPjpaBd2udUTqlZ0HwrXQ==
